
Microsoft Visual Studio Solution File, Format Version 12.00
# Visual Studio 15
VisualStudioVersion = 15.0.28307.271
MinimumVisualStudioVersion = 10.0.40219.1
Project("{9A19103F-16F7-4668-BE54-9A1E7A4F7556}") = "TestProject", "Orders\TestProject.csproj", "{C17F0B9B-919F-48DC-AE51-9832ACB161BB}"
EndProject
Project("{9A19103F-16F7-4668-BE54-9A1E7A4F7556}") = "CustomLibrary", "CustomLibrary\CustomLibrary.csproj", "{1A543DD5-FD2D-4222-BE87-667FE0282668}"
EndProject
Project("{9A19103F-16F7-4668-BE54-9A1E7A4F7556}") = "Models", "Models\Models.csproj", "{4F84B782-26D6-4902-B193-D6221043C4C1}"
EndProject
Project("{9A19103F-16F7-4668-BE54-9A1E7A4F7556}") = "MemoryStore", "MemoryStore\MemoryStore.csproj", "{078E7646-0741-44FB-97F3-8F6E1D560F8F}"
EndProject
Project("{FAE04EC0-301F-11D3-BF4B-00C04F79EFBC}") = "LibUnitTests", "LibUnitTests\LibUnitTests.csproj", "{6EEF26C4-1008-44EA-931D-C082C1BD098A}"
EndProject
Global
	GlobalSection(SolutionConfigurationPlatforms) = preSolution
		Debug|Any CPU = Debug|Any CPU
		Release|Any CPU = Release|Any CPU
	EndGlobalSection
	GlobalSection(ProjectConfigurationPlatforms) = postSolution
		{C17F0B9B-919F-48DC-AE51-9832ACB161BB}.Debug|Any CPU.ActiveCfg = Debug|Any CPU
		{C17F0B9B-919F-48DC-AE51-9832ACB161BB}.Debug|Any CPU.Build.0 = Debug|Any CPU
		{C17F0B9B-919F-48DC-AE51-9832ACB161BB}.Release|Any CPU.ActiveCfg = Release|Any CPU
		{C17F0B9B-919F-48DC-AE51-9832ACB161BB}.Release|Any CPU.Build.0 = Release|Any CPU
		{1A543DD5-FD2D-4222-BE87-667FE0282668}.Debug|Any CPU.ActiveCfg = Debug|Any CPU
		{1A543DD5-FD2D-4222-BE87-667FE0282668}.Debug|Any CPU.Build.0 = Debug|Any CPU
		{1A543DD5-FD2D-4222-BE87-667FE0282668}.Release|Any CPU.ActiveCfg = Release|Any CPU
		{1A543DD5-FD2D-4222-BE87-667FE0282668}.Release|Any CPU.Build.0 = Release|Any CPU
		{4F84B782-26D6-4902-B193-D6221043C4C1}.Debug|Any CPU.ActiveCfg = Debug|Any CPU
		{4F84B782-26D6-4902-B193-D6221043C4C1}.Debug|Any CPU.Build.0 = Debug|Any CPU
		{4F84B782-26D6-4902-B193-D6221043C4C1}.Release|Any CPU.ActiveCfg = Release|Any CPU
		{4F84B782-26D6-4902-B193-D6221043C4C1}.Release|Any CPU.Build.0 = Release|Any CPU
		{078E7646-0741-44FB-97F3-8F6E1D560F8F}.Debug|Any CPU.ActiveCfg = Debug|Any CPU
		{078E7646-0741-44FB-97F3-8F6E1D560F8F}.Debug|Any CPU.Build.0 = Debug|Any CPU
		{078E7646-0741-44FB-97F3-8F6E1D560F8F}.Release|Any CPU.ActiveCfg = Release|Any CPU
		{078E7646-0741-44FB-97F3-8F6E1D560F8F}.Release|Any CPU.Build.0 = Release|Any CPU
		{6EEF26C4-1008-44EA-931D-C082C1BD098A}.Debug|Any CPU.ActiveCfg = Debug|Any CPU
		{6EEF26C4-1008-44EA-931D-C082C1BD098A}.Debug|Any CPU.Build.0 = Debug|Any CPU
		{6EEF26C4-1008-44EA-931D-C082C1BD098A}.Release|Any CPU.ActiveCfg = Release|Any CPU
		{6EEF26C4-1008-44EA-931D-C082C1BD098A}.Release|Any CPU.Build.0 = Release|Any CPU
	EndGlobalSection
	GlobalSection(SolutionProperties) = preSolution
		HideSolutionNode = FALSE
	EndGlobalSection
	GlobalSection(ExtensibilityGlobals) = postSolution
		SolutionGuid = {E3F313E1-06A0-471F-BA1D-E3AEE44343BA}
	EndGlobalSection
EndGlobal
